# THIS IS AN AUTOGENERATED FILE. DO NOT EDIT THIS FILE DIRECTLY.
# yarn lockfile v1


"@pixi/accessibility@5.2.4":
  version "5.2.4"
  resolved "https://registry.yarnpkg.com/@pixi/accessibility/-/accessibility-5.2.4.tgz#ed5e7fa9a5977b63fb798a16783ee0a1961b5ffc"
  integrity sha512-NaHYuUqD4vmYRTvleQpR2Rc7mYHgreX+WYCXYa8gQghoTa1J1zfbFvYJaby3gubuVmNG2eyzjlKIVUeIrVuJCg==
  dependencies:
    "@pixi/core" "5.2.4"
    "@pixi/display" "5.2.4"
    "@pixi/utils" "5.2.4"

"@pixi/app@5.2.4":
  version "5.2.4"
  resolved "https://registry.yarnpkg.com/@pixi/app/-/app-5.2.4.tgz#1073dbb7ef74cd5e44ff9d92350ab5ccca4a6860"
  integrity sha512-3BSp1uZJUnctTqsvmVqIRXwS0Uq2GInVvWmrZQF7+6O5neADVX4Ba7ENh7CnmuPXnMPmwxt1788I20aUi3ld1Q==
  dependencies:
    "@pixi/core" "5.2.4"
    "@pixi/display" "5.2.4"

"@pixi/constants@5.2.4":
  version "5.2.4"
  resolved "https://registry.yarnpkg.com/@pixi/constants/-/constants-5.2.4.tgz#ef293790cc0e2c74ab78ec49669df514a5ea372a"
  integrity sha512-+sMfU57VTQb5DkDtndCBg3PzyC8NxZJvg/R76tuopkZZ5AgI4aAE6hNMs0JzvalzYNIampzwpdZ1gz5UKvL1dQ==

"@pixi/core@5.2.4", "@pixi/core@^5.0.0":
  version "5.2.4"
  resolved "https://registry.yarnpkg.com/@pixi/core/-/core-5.2.4.tgz#5cdc09b0ba327877ebbcf1688cff788c954df634"
  integrity sha512-3RXoqtMqCGZFDLNiBp1l6HAnnNvKsCn3D4m3NvrrIhcaPFxD8bSPZaHEaTq6BaStOGWhpofRy+RLtFfYciQLiA==
  dependencies:
    "@pixi/constants" "5.2.4"
    "@pixi/display" "5.2.4"
    "@pixi/math" "5.2.4"
    "@pixi/runner" "5.2.4"
    "@pixi/settings" "5.2.4"
    "@pixi/ticker" "5.2.4"
    "@pixi/utils" "5.2.4"

"@pixi/display@5.2.4":
  version "5.2.4"
  resolved "https://registry.yarnpkg.com/@pixi/display/-/display-5.2.4.tgz#03f855d2d4811daba91248bec819270e27470572"
  integrity sha512-VndYAcumBeHCJuUZ4HaCTFZ4+T7Ncemam9FcAsMqlu3P9BCu8LMuARv0lLKWIV0jz+nBF7qKzLfpJoNYF64Mgw==
  dependencies:
    "@pixi/math" "5.2.4"
    "@pixi/settings" "5.2.4"
    "@pixi/utils" "5.2.4"

"@pixi/extract@5.2.4":
  version "5.2.4"
  resolved "https://registry.yarnpkg.com/@pixi/extract/-/extract-5.2.4.tgz#f00cd62630c5e8ea90b3961ba873ab46372ef1db"
  integrity sha512-en9ZIa+9k0owQxQPj5U5jT1GaDAAqOn5mlF6Pn6xXOkRi8npUnpj1zpNtcG0kn8ZMufJVmyyI33lMl6NPzLzsQ==
  dependencies:
    "@pixi/core" "5.2.4"
    "@pixi/math" "5.2.4"
    "@pixi/utils" "5.2.4"

"@pixi/filter-adjustment@3.1.1":
  version "3.1.1"
  resolved "https://registry.yarnpkg.com/@pixi/filter-adjustment/-/filter-adjustment-3.1.1.tgz#2aa41048106fa2006648deae59813bfb55c8fe54"
  integrity sha512-N+qbkofBn5tiGn2Ubg52AEoPOM69VIO5TEHsBtm5oh2S4m/rb6FnnqPji/FzwK89iLvtYmJdbwWAYi87PWnE3Q==

"@pixi/filter-advanced-bloom@3.1.1":
  version "3.1.1"
  resolved "https://registry.yarnpkg.com/@pixi/filter-advanced-bloom/-/filter-advanced-bloom-3.1.1.tgz#e45b8fa8bd17a98e6242fa8a96c199484a82ca22"
  integrity sha512-IkBSOWVk+pFQzher3oJXLl3/ayTEMY92hzL7EOvmOeQYn46nxmNYX9GIqtHSlvXUEIB0GB+HgOB/9n6EJYv9kA==
  dependencies:
    "@pixi/filter-kawase-blur" "3.1.1"

"@pixi/filter-alpha@5.2.4", "@pixi/filter-alpha@^5.0.0":
  version "5.2.4"
  resolved "https://registry.yarnpkg.com/@pixi/filter-alpha/-/filter-alpha-5.2.4.tgz#e7f17ccb096b4e892420a74476cb262f7218d290"
  integrity sha512-WdQyqPUM60z16pXH+aAWwy/Xrfx/Qgb9kf3GRAQq77WsxbrFVY/DGfakxNa+jDuSlS4fBIKx66iLnoLlOzA6iQ==
  dependencies:
    "@pixi/core" "5.2.4"

"@pixi/filter-ascii@3.1.1":
  version "3.1.1"
  resolved "https://registry.yarnpkg.com/@pixi/filter-ascii/-/filter-ascii-3.1.1.tgz#edcc8e5fd08b72996f848d18af4761f4a9b92767"
  integrity sha512-/9mECm/T+9ze7qBXG4q0FghzBBXwOu213IWpJrQGsv5zptRI+8hNU58Gx/U/O7hlKVdNjLoeMlQxKGRcC4N4YQ==

"@pixi/filter-bevel@3.1.1":
  version "3.1.1"
  resolved "https://registry.yarnpkg.com/@pixi/filter-bevel/-/filter-bevel-3.1.1.tgz#ddb738a31876854b4e37c3e5da9d622d57a03dab"
  integrity sha512-m5jSNqjp+XmyRiwGFriqN14JVvu1z2sShgp5OsU+3AfwPkgOQheT0tK7phb7QTf5QYKD1TdCPdMZ4UasHeIZsg==

"@pixi/filter-bloom@3.1.1":
  version "3.1.1"
  resolved "https://registry.yarnpkg.com/@pixi/filter-bloom/-/filter-bloom-3.1.1.tgz#4c07701e7938ef1b43577aa14ac3a489830beb0a"
  integrity sha512-mGvE1l+dxnTun3+cgGuA8u4BiA2TOSIi6lKkNb8GnLezvjJxMUlPPHId/3Dz6TUmCA+fziVBvZo1KGqGYRm90g==
  dependencies:
    "@pixi/filter-alpha" "^5.0.0"
    "@pixi/filter-blur" "^5.0.0"

"@pixi/filter-blur@5.2.4", "@pixi/filter-blur@^5.0.0":
  version "5.2.4"
  resolved "https://registry.yarnpkg.com/@pixi/filter-blur/-/filter-blur-5.2.4.tgz#c2fa2d1e0e7d193af73ce58eba4350de1eb10af7"
  integrity sha512-9uDr7QIRpuhxdZsO76AddIP2x2MbcQvErQjmjQEfLsectbCLdkRWjHPoLzFfARb58lNzT0Pe5EMVPI91usa1pA==
  dependencies:
    "@pixi/core" "5.2.4"
    "@pixi/settings" "5.2.4"

"@pixi/filter-bulge-pinch@3.1.1":
  version "3.1.1"
  resolved "https://registry.yarnpkg.com/@pixi/filter-bulge-pinch/-/filter-bulge-pinch-3.1.1.tgz#cd2a44e9800e74101c01c9ed9c884e890d52c22f"
  integrity sha512-PtQzmZ/VGcSiSiFXS227tKreuGhIRqP6PHC1aTkuQPMUGbeAaHArE8S8ucJoZhwj9Y7fpJC7fnC3Zs0C2EHZmw==

"@pixi/filter-color-map@3.1.1":
  version "3.1.1"
  resolved "https://registry.yarnpkg.com/@pixi/filter-color-map/-/filter-color-map-3.1.1.tgz#6691c4dec0e14245f1a52904e4f4622ef0b68fbf"
  integrity sha512-zS5GOmzjpJxrDYnO6p+FKLMPcIt+aF7zqueiX1UPMflGL8sKJ7cbzD1o5/GoSbReQ54Nn7KT7x2HgFvmW7SExw==

"@pixi/filter-color-matrix@5.2.4":
  version "5.2.4"
  resolved "https://registry.yarnpkg.com/@pixi/filter-color-matrix/-/filter-color-matrix-5.2.4.tgz#bf2f99f17c97073c6f248362058e30b9a6f993c6"
  integrity sha512-3JQVtKb43SLticOWhIoWWykNCh2MK/wb4/p88LYew3kAUyfA2glZ+t2moYC3HAye3tsrc155go6m7Hqabpl/yQ==
  dependencies:
    "@pixi/core" "5.2.4"

"@pixi/filter-color-overlay@3.1.1":
  version "3.1.1"
  resolved "https://registry.yarnpkg.com/@pixi/filter-color-overlay/-/filter-color-overlay-3.1.1.tgz#4bfb2cf59abf8e1913a21621a5cde3b839972e1b"
  integrity sha512-GO4I0e+GMnT/tfXJCZnV3pxS3/aBJQRXMmccm8E4p5XHOQxkHWwycvewpDTOTUnkz5iIOzgx5SFmlmv0yZeJ4Q==

"@pixi/filter-color-replace@3.1.1":
  version "3.1.1"
  resolved "https://registry.yarnpkg.com/@pixi/filter-color-replace/-/filter-color-replace-3.1.1.tgz#66c0ddff9fc548e24ef71a3a52baaa207434695c"
  integrity sha512-grpbKuEv6iQYo8TUpx8Uf6jY2CP0/i6f6WubDe8CiNFWnNIxHTwgrkEdLUzTddoR7H/IIUAjNn75yPZfW/pThg==

"@pixi/filter-convolution@3.1.1":
  version "3.1.1"
  resolved "https://registry.yarnpkg.com/@pixi/filter-convolution/-/filter-convolution-3.1.1.tgz#f80137aed1e08e2b27d2ef641de6847e155642a9"
  integrity sha512-9PNtOqT74cdeh2FT9gM4XKkYL9odPSxwOKplv1Iioq8P/udDl3z4J2jwCRiRpL1Do7wZGVqEBBb3OpscOlHtrw==

"@pixi/filter-cross-hatch@3.1.1":
  version "3.1.1"
  resolved "https://registry.yarnpkg.com/@pixi/filter-cross-hatch/-/filter-cross-hatch-3.1.1.tgz#72e847e6de697c64e1df5baaaae879dc10054609"
  integrity sha512-1ITwzzSneo5Nq7URcsUCabwFT/NHBan4OoUh5AbVhcl4Na2LT2lGjHI/Tprs4DyrFMUtOlaPefwp4xz9CaVsNQ==

"@pixi/filter-crt@3.1.1":
  version "3.1.1"
  resolved "https://registry.yarnpkg.com/@pixi/filter-crt/-/filter-crt-3.1.1.tgz#3fd769a853d43ab322dca12225d885f9dbc2acde"
  integrity sha512-Zx8CE+Yf8xZKDmWHDRCzRKHwY+4CUg2WXlNxsQHEmFN9UA9Ek9dgy6B817IbG49AvYbgr6b23cMQON6H+hE2CQ==

"@pixi/filter-displacement@5.2.4":
  version "5.2.4"
  resolved "https://registry.yarnpkg.com/@pixi/filter-displacement/-/filter-displacement-5.2.4.tgz#413ffade6bdf53651e0ed6730882711a65d71475"
  integrity sha512-nDQ6PcVbHcs0EJu5chtqzI6gF92K34JgfUSrr5pnLwwzbwr2/KQjgRPyRXLLv2rj/HU8pzNLzqRXBWP4qewu6w==
  dependencies:
    "@pixi/core" "5.2.4"
    "@pixi/math" "5.2.4"

"@pixi/filter-dot@3.1.1":
  version "3.1.1"
  resolved "https://registry.yarnpkg.com/@pixi/filter-dot/-/filter-dot-3.1.1.tgz#84049158e7fc86192b3a2fbda352f8e7e31f9ea9"
  integrity sha512-ejE0olqrZwdjjNH186ls0ANiKNUjQnSHNueNshmZ+QbtVEz1SDPewxw88FLyxjoAONvmeYPHSCjGGvqRjXB7Cw==

"@pixi/filter-drop-shadow@3.1.1":
  version "3.1.1"
  resolved "https://registry.yarnpkg.com/@pixi/filter-drop-shadow/-/filter-drop-shadow-3.1.1.tgz#af4313ba4f3f9ac99702c4388333c6fbf5c74a2c"
  integrity sha512-tx3MgEoUAL2iLK6fKbwan9zKXDxrMzZ6uEFaqZYYD/3pTYBMOMcPCF1oGq8YpzQqLUriOQJX5Sj2aWMNzQSm5g==
  dependencies:
    "@pixi/filter-kawase-blur" "3.1.1"

"@pixi/filter-emboss@3.1.1":
  version "3.1.1"
  resolved "https://registry.yarnpkg.com/@pixi/filter-emboss/-/filter-emboss-3.1.1.tgz#3657c3a1a8050dc693d914033edd554ef1c57d99"
  integrity sha512-OqCrE1wHfDIFqWHvsScNKZ1CSPm/4aJoYz1Yd/Sn0P3d1H9UEydmxescS1UxNrga6zTEcYpo1RT1V6Xb/TTQtw==

"@pixi/filter-fxaa@5.2.4":
  version "5.2.4"
  resolved "https://registry.yarnpkg.com/@pixi/filter-fxaa/-/filter-fxaa-5.2.4.tgz#b00725a16e687710b114d6245913fea4b9b9fc41"
  integrity sha512-sikOIA6iw/9MejbFL6AZqO6KP9l6QyXYUH2RQVk7zGG75aps4zVXPHgUnz9aT1YASuaWBVP9+ViQPdW2NM5a6g==
  dependencies:
    "@pixi/core" "5.2.4"

"@pixi/filter-glitch@3.1.1":
  version "3.1.1"
  resolved "https://registry.yarnpkg.com/@pixi/filter-glitch/-/filter-glitch-3.1.1.tgz#95d973439e9e418149a5b17effaf97d43fef2e54"
  integrity sha512-l6TF6zgDiNaUkRYrlJcApEEQZimyvS8YkrN6l1UrQJ7uMxx7kvYNn/sMSdOcWyhFj1WI2y5PP7/15bX7ekEd7A==

"@pixi/filter-glow@3.1.1":
  version "3.1.1"
  resolved "https://registry.yarnpkg.com/@pixi/filter-glow/-/filter-glow-3.1.1.tgz#c8c43487cba8896ebc270844a5c6a0f4f295e87e"
  integrity sha512-W0BYO1tJhMaFcw0jXWcxTvrKZavpR45whcajr+f+pRQJHRqwUJnRR9cqZW+2qi3+4rHLy+X0T7Yg77OiaSJZlg==
  dependencies:
    "@pixi/core" "^5.0.0"
    "@pixi/utils" "^5.0.0"

"@pixi/filter-godray@3.1.1":
  version "3.1.1"
  resolved "https://registry.yarnpkg.com/@pixi/filter-godray/-/filter-godray-3.1.1.tgz#4e9f68cacbc4c330b7727e61f1d1085d5933d488"
  integrity sha512-fKKUOAxN6iy6eFflz08fCanMOnqrcML98ODGA71pzvwmwxNiamsvaWyBm9PdCgrFOTrKwnpX544jR6hCaNMaTg==

"@pixi/filter-kawase-blur@3.1.1":
  version "3.1.1"
  resolved "https://registry.yarnpkg.com/@pixi/filter-kawase-blur/-/filter-kawase-blur-3.1.1.tgz#9e419f17bf17f46dea3230babff9b0449435ee11"
  integrity sha512-whHyj8bpfbGSUCmHjd6wd3+C4vB2zyBxB+2IoWXxW44b/bDcDypifwDhRShsXcdWRJ5urTvukiqiZStaeK9oeA==

"@pixi/filter-motion-blur@3.1.1":
  version "3.1.1"
  resolved "https://registry.yarnpkg.com/@pixi/filter-motion-blur/-/filter-motion-blur-3.1.1.tgz#5472738ac168f84ba2dc6eb8f4b329c4fee8ec96"
  integrity sha512-5AjQJseuQsDJi7zBsas7rQexQO7LfZcA274FxTFOZ9TeYtdqUGzYilPA8a9oAec6Z+iGkQmAoK/FR3ybCqNPmQ==

"@pixi/filter-multi-color-replace@3.1.1":
  version "3.1.1"
  resolved "https://registry.yarnpkg.com/@pixi/filter-multi-color-replace/-/filter-multi-color-replace-3.1.1.tgz#c8136bb8665850a12bc40cb7aa4dec15d10d9cc1"
  integrity sha512-ocP9UPn2cU9w7/zyN/uUJg3JDM9nPzRAkc8y7NgkoenUHV4zV0pGaXNx8kREl/GIggnZNySd7hLstJPvzg40tg==

"@pixi/filter-noise@5.2.4":
  version "5.2.4"
  resolved "https://registry.yarnpkg.com/@pixi/filter-noise/-/filter-noise-5.2.4.tgz#de183b88a4cf4befcf7126979d188801bb6df330"
  integrity sha512-VcI16NVwrFIDRlLke+BZQid96rKxysTavL/qexa7uHxnxxOwdXthpBA/uOQ6eNde4DJyeBAhnyldUM9ydPeOXQ==
  dependencies:
    "@pixi/core" "5.2.4"

"@pixi/filter-old-film@3.1.1":
  version "3.1.1"
  resolved "https://registry.yarnpkg.com/@pixi/filter-old-film/-/filter-old-film-3.1.1.tgz#88d6b8a3ba73f47ee38add5c8a84dd472d1213a0"
  integrity sha512-1kc6+mbFQahnkC9qqPCRscneSYcHjQI93fKqQuyzPxR5Wzkcaz6WlQfoeqUnZTA6YhnENxygJWk0KCCHG6mHKw==

"@pixi/filter-outline@3.1.1":
  version "3.1.1"
  resolved "https://registry.yarnpkg.com/@pixi/filter-outline/-/filter-outline-3.1.1.tgz#e14614313e52ae1ada2da97ceea3225ee9429f41"
  integrity sha512-yhmElQoXl0QBU3DNes8zvbbNtpD5ajAKrkPCP/pevxTg4toqtc4mJjp/h3yr1bFEfXAfcpPB4llxreWhM3OmCg==

"@pixi/filter-pixelate@3.1.1":
  version "3.1.1"
  resolved "https://registry.yarnpkg.com/@pixi/filter-pixelate/-/filter-pixelate-3.1.1.tgz#8976171f79ad452637651cd5334b4a608323fdf4"
  integrity sha512-r8kakBMhqJW0gub5mGN7QJAJcdb8QUt4dUyyUKvntAvSzRhHZOrCoBmoC//3p6FFLidPWU9DAkSgWEvoBVaLaQ==

"@pixi/filter-radial-blur@3.1.1":
  version "3.1.1"
  resolved "https://registry.yarnpkg.com/@pixi/filter-radial-blur/-/filter-radial-blur-3.1.1.tgz#d3c6d77583fd500f10274adf7a5ba2fbc9792a8e"
  integrity sha512-ZOH6GQy384FfVJNoBczFiqwZb14s9W/6oL02L5GMNhDbaWFAEOVNZlCLecv2a2x1Xv31zkSSmchJtffe2UU4Gw==

"@pixi/filter-reflection@3.1.1":
  version "3.1.1"
  resolved "https://registry.yarnpkg.com/@pixi/filter-reflection/-/filter-reflection-3.1.1.tgz#370fe247a898126bc08e428f69546b85b174aac4"
  integrity sha512-WZ3GPDeNIQ0hLCmwRHLJDMlnkmDN5vKqQaDx3Y0fccAiaKkkr0b6wiJBYuC9PZ4ULaKRhWPhPTUiOadMS7qSug==

"@pixi/filter-rgb-split@3.1.1":
  version "3.1.1"
  resolved "https://registry.yarnpkg.com/@pixi/filter-rgb-split/-/filter-rgb-split-3.1.1.tgz#0b9d1fbe7e1e6b8ec24733f9b5471a674e3d8679"
  integrity sha512-VV+6xH7E2I+jvhnsfh7VLRWxXzRfc3R42w0yuaWnJtnx6xfGMkEX84I69GnDd8GGhrU7D/+u0KRJvtLajcGTFA==

"@pixi/filter-shockwave@3.1.1":
  version "3.1.1"
  resolved "https://registry.yarnpkg.com/@pixi/filter-shockwave/-/filter-shockwave-3.1.1.tgz#757e7f7d56ddf1b1f65ff8b2eee1fa9cc4c77ec5"
  integrity sha512-r3OMvrrE6M6WNvyu03mljkZucG7Z9oGEQKOEHwCTcpir2CumLsTiKMWmtLiWSeEt5lTofMRHe1tu1FkSuHLJyA==

"@pixi/filter-simple-lightmap@3.1.1":
  version "3.1.1"
  resolved "https://registry.yarnpkg.com/@pixi/filter-simple-lightmap/-/filter-simple-lightmap-3.1.1.tgz#4fe463c68ddda6d5b84ab5ca60f6864d79133d57"
  integrity sha512-UwOs1frSxRFw7r3unhOSJqgAKMez159ShwO8bCOejTEThlC1GVmpQj1dw/8vxUkQrdFBhj+Imrmh0jEBWLd0ng==

"@pixi/filter-tilt-shift@3.1.1":
  version "3.1.1"
  resolved "https://registry.yarnpkg.com/@pixi/filter-tilt-shift/-/filter-tilt-shift-3.1.1.tgz#27fd175618eacd959181b395d6c45815861021c8"
  integrity sha512-1XOh6qLxpW1daQJYHNYY1Bf2B/mszC9r15N5NFJ3a/ruX1ydayYsoXlaJI6FLc8ZG3VJivNnrM/PycKNwiOv8Q==

"@pixi/filter-twist@3.1.1":
  version "3.1.1"
  resolved "https://registry.yarnpkg.com/@pixi/filter-twist/-/filter-twist-3.1.1.tgz#f5c7072f84ecb48fbc87eca2b43cfb694074a7a2"
  integrity sha512-oSZts+m14MD9uiYJTllWWioTAMsH6l3JFXnkworF+0W2OZ9Cki5qyNmC8xAlq+PkyhesuMR2xHmTizSFQBfubA==

"@pixi/filter-zoom-blur@3.1.1":
  version "3.1.1"
  resolved "https://registry.yarnpkg.com/@pixi/filter-zoom-blur/-/filter-zoom-blur-3.1.1.tgz#0fab5d1c0562ebdf1524a454c78d7f129bcc8e64"
  integrity sha512-BmgSW8Aq9nBIP71lAvZUfmc+pk+zRe2u6UQf0yaoG0PIWGAp0dPcATYKXYhurzcAh+J8sPwwhFVaQ7S5MDQPOg==

"@pixi/graphics@5.2.4":
  version "5.2.4"
  resolved "https://registry.yarnpkg.com/@pixi/graphics/-/graphics-5.2.4.tgz#8818412e5de0c299a64f475783cbea7b4c7c3220"
  integrity sha512-jASQ2M9+Zzm4GmBE+h6lw30xY/0N1GjAn2Dxd8LJZoeeUjAoVQYbN1CavecPGMRW/Rd0QkkHB5B8iWqZX2Uuxg==
  dependencies:
    "@pixi/constants" "5.2.4"
    "@pixi/core" "5.2.4"
    "@pixi/display" "5.2.4"
    "@pixi/math" "5.2.4"
    "@pixi/sprite" "5.2.4"
    "@pixi/utils" "5.2.4"

"@pixi/interaction@5.2.4":
  version "5.2.4"
  resolved "https://registry.yarnpkg.com/@pixi/interaction/-/interaction-5.2.4.tgz#5d8f64b9c90a8fe6ce0edefb3d522f12d0ce7829"
  integrity sha512-c6EzDRcCFmixpRuwY4xIr9I0ppxmkp8b8mP3qSwvMkY5vsMXazhshhtw0SwTA5mdG6vGV93DnZIevFr+qLvA/Q==
  dependencies:
    "@pixi/core" "5.2.4"
    "@pixi/display" "5.2.4"
    "@pixi/math" "5.2.4"
    "@pixi/ticker" "5.2.4"
    "@pixi/utils" "5.2.4"

"@pixi/loaders@5.2.4":
  version "5.2.4"
  resolved "https://registry.yarnpkg.com/@pixi/loaders/-/loaders-5.2.4.tgz#d56a0866e11888c33a2b24ee72706dcdfe5c7708"
  integrity sha512-MeQd59+sB1ZGhpKGY0w3Ef8cFiWm/yv22MDVM3Hqg1VCu81NjiUrJUGUGALIU8CXI3NfiT+J1zyddslmyJJZjQ==
  dependencies:
    "@pixi/core" "5.2.4"
    "@pixi/utils" "5.2.4"
    resource-loader "^3.0.1"

"@pixi/math@5.2.4":
  version "5.2.4"
  resolved "https://registry.yarnpkg.com/@pixi/math/-/math-5.2.4.tgz#159d6b15a35eebceb1c51ff8ce1f6fcf10cfdbe5"
  integrity sha512-X7tRbNYuc8c/2GyUhe7togF5rflyU4k9ny8aRmvmIHZsJGFU0w+DmCSCnrHm7b6sQvhu6pXQPGQUADPOBtvb+g==

"@pixi/mesh-extras@5.2.4":
  version "5.2.4"
  resolved "https://registry.yarnpkg.com/@pixi/mesh-extras/-/mesh-extras-5.2.4.tgz#c94b94835bd79545fa2fa7482db58ae3a4000727"
  integrity sha512-WQ7H5K4TMeAQyiUJfzZ5UuKY0GF+6JHazhaAc2DhnF5gz2CdvmL0qOiQ4Dad21+VfKzbhC66fP2YfvMHIrWRuw==
  dependencies:
    "@pixi/constants" "5.2.4"
    "@pixi/core" "5.2.4"
    "@pixi/math" "5.2.4"
    "@pixi/mesh" "5.2.4"
    "@pixi/utils" "5.2.4"

"@pixi/mesh@5.2.4":
  version "5.2.4"
  resolved "https://registry.yarnpkg.com/@pixi/mesh/-/mesh-5.2.4.tgz#c5a78ceefbdf16e826768ef773bf5e064ebcc916"
  integrity sha512-OS/KcPgftOh6eE4ZHyC3dCc8nNbOXOq0Va69kwUTfHZLi63vjz03hXiYY/KRJ4tds9+/zCjLeLoBBglqLBBuvg==
  dependencies:
    "@pixi/constants" "5.2.4"
    "@pixi/core" "5.2.4"
    "@pixi/display" "5.2.4"
    "@pixi/math" "5.2.4"
    "@pixi/settings" "5.2.4"
    "@pixi/utils" "5.2.4"

"@pixi/mixin-cache-as-bitmap@5.2.4":
  version "5.2.4"
  resolved "https://registry.yarnpkg.com/@pixi/mixin-cache-as-bitmap/-/mixin-cache-as-bitmap-5.2.4.tgz#4bd7eb4b08ddcc8a6e8ee24953ffcb32905cf30b"
  integrity sha512-Ec/GgqFbE3upEnLDfHCoKzGulozLRCRRXpzD3bS4uHjiZfOOdSYuPKb+UGSxvntAkEUv9k+AKff2+pEPLf15ag==
  dependencies:
    "@pixi/core" "5.2.4"
    "@pixi/display" "5.2.4"
    "@pixi/math" "5.2.4"
    "@pixi/settings" "5.2.4"
    "@pixi/sprite" "5.2.4"
    "@pixi/utils" "5.2.4"

"@pixi/mixin-get-child-by-name@5.2.4":
  version "5.2.4"
  resolved "https://registry.yarnpkg.com/@pixi/mixin-get-child-by-name/-/mixin-get-child-by-name-5.2.4.tgz#a04c86712c197d15b0e38475976bc3e99b061692"
  integrity sha512-ykAtO1T1q1nC/VFl2ieB2ivhoCmD7NU5mAvCp3sd1nx1bTnAXuwPkg6IAxvSkGMkDdL1rzmHBFS3SsggLs6GGg==
  dependencies:
    "@pixi/display" "5.2.4"

"@pixi/mixin-get-global-position@5.2.4":
  version "5.2.4"
  resolved "https://registry.yarnpkg.com/@pixi/mixin-get-global-position/-/mixin-get-global-position-5.2.4.tgz#7da69cd2b2ec4f85b37e33d6434bfe6a3b568abd"
  integrity sha512-JX3QD3kbxIabnAz+IJxzdO4NWipwiUbMg9ByrPs4Ni/4d8L62DnPG6DFwqbmMA+jsHDHpC1g+ITVpz6Slf0CcQ==
  dependencies:
    "@pixi/display" "5.2.4"
    "@pixi/math" "5.2.4"

"@pixi/particles@5.2.4":
  version "5.2.4"
  resolved "https://registry.yarnpkg.com/@pixi/particles/-/particles-5.2.4.tgz#98b6043a8e0287ddac6b8a32aea0b2dcdd776da3"
  integrity sha512-jjr63o1R0OVXKafmmrYLKxCDqqcfdZcwn2dPn4c22QCtRhIBclyFfcupXnIgDaV4WA9V+exa69+enE5pPEboRw==
  dependencies:
    "@pixi/constants" "5.2.4"
    "@pixi/core" "5.2.4"
    "@pixi/display" "5.2.4"
    "@pixi/math" "5.2.4"
    "@pixi/utils" "5.2.4"

"@pixi/polyfill@5.2.4":
  version "5.2.4"
  resolved "https://registry.yarnpkg.com/@pixi/polyfill/-/polyfill-5.2.4.tgz#3a218a89194d39558e6765b84343f2f85dabc111"
  integrity sha512-XCb1xnRxtGT3ZuvtNVmKrSNszpyuMRtGufqpD0fou3BhonWFscCXZfCvx+vVTSJcztJ4tfP3H7BeatY6dc72Ag==
  dependencies:
    es6-promise-polyfill "^1.2.0"
    object-assign "^4.1.1"

"@pixi/prepare@5.2.4":
  version "5.2.4"
  resolved "https://registry.yarnpkg.com/@pixi/prepare/-/prepare-5.2.4.tgz#874ba615c0f471a145e88b7535dbde5b7da9f3c3"
  integrity sha512-LqVvwBTbSGhJx5lqt5B1plgXGUHhRhWh1Ek+7uBrw10fbUfVb0kH1EUvWyt1wkuap2QKvy6ITzrHsg6pBU8JSQ==
  dependencies:
    "@pixi/core" "5.2.4"
    "@pixi/display" "5.2.4"
    "@pixi/graphics" "5.2.4"
    "@pixi/settings" "5.2.4"
    "@pixi/text" "5.2.4"
    "@pixi/ticker" "5.2.4"

"@pixi/runner@5.2.4":
  version "5.2.4"
  resolved "https://registry.yarnpkg.com/@pixi/runner/-/runner-5.2.4.tgz#ad6a3820514906621cf0be8d6bc0a3b4bb5f6e45"
  integrity sha512-VLXZaldao2PT9vM/ea1H6nbUacokRqHbsBWvuJr5ugF+PLY9cGf6L5T6TGyNUuXp2b8RlIKeTxPig3kgL7CS2Q==

"@pixi/settings@5.2.4":
  version "5.2.4"
  resolved "https://registry.yarnpkg.com/@pixi/settings/-/settings-5.2.4.tgz#bc796ebeae0edbdc254d8443141a93eebc7b3265"
  integrity sha512-jF8oYx5nXNi6D3PdIB2RAKnCrekZ4Xb81KvWSzId2TXTC9p71oMPUqiK8pogaLOhWBUdDsVNNdjiZO2ajTmwOQ==
  dependencies:
    ismobilejs "^1.1.0"

"@pixi/sprite-animated@5.2.4":
  version "5.2.4"
  resolved "https://registry.yarnpkg.com/@pixi/sprite-animated/-/sprite-animated-5.2.4.tgz#6c0b80a4790221029d20ba69924d6e7f608fc9ea"
  integrity sha512-7+OoaHpLbHKAQe1wlY11u7gNu5KoNINJWGlsc7wFRHOW6QpNaOTaWyttpLQDfrLe0Z+rAawdqj0252nSKWRNPw==
  dependencies:
    "@pixi/core" "5.2.4"
    "@pixi/sprite" "5.2.4"
    "@pixi/ticker" "5.2.4"

"@pixi/sprite-tiling@5.2.4":
  version "5.2.4"
  resolved "https://registry.yarnpkg.com/@pixi/sprite-tiling/-/sprite-tiling-5.2.4.tgz#ffdc4516e3a00a78fc93732c950bae9bbadf0be9"
  integrity sha512-eCI/L0PvsiEmASQfGH2Wxk0yh+Ze0sNJT5bID1FFZaeOLVvOuRG6dKxEF32RamB/yzrQUyOwQDMtw3Ec3ZY/YQ==
  dependencies:
    "@pixi/constants" "5.2.4"
    "@pixi/core" "5.2.4"
    "@pixi/display" "5.2.4"
    "@pixi/math" "5.2.4"
    "@pixi/sprite" "5.2.4"
    "@pixi/utils" "5.2.4"

"@pixi/sprite@5.2.4":
  version "5.2.4"
  resolved "https://registry.yarnpkg.com/@pixi/sprite/-/sprite-5.2.4.tgz#5f5eb855fcc944af9f8459e5a018e139c36dbdd3"
  integrity sha512-YsR3D/XxU4XQLXB/MkZ5sSkM24EK1TDBbTSAHjbXJR+PgrP1ZE2oA0MuUwjug4BqZdJH3BTUUZKfUfwY8grXuA==
  dependencies:
    "@pixi/constants" "5.2.4"
    "@pixi/core" "5.2.4"
    "@pixi/display" "5.2.4"
    "@pixi/math" "5.2.4"
    "@pixi/settings" "5.2.4"
    "@pixi/utils" "5.2.4"

"@pixi/spritesheet@5.2.4":
  version "5.2.4"
  resolved "https://registry.yarnpkg.com/@pixi/spritesheet/-/spritesheet-5.2.4.tgz#8df570f7cb0421dacfe143cb7306ea20ceca0a85"
  integrity sha512-ytmc5sHXE0BmQe+QZ6SlldmPEWsqADBPQuYG3PolYkpt9Kt54vLTpFQGxS3xFGi2kHmNaKeuNSRFvfAjASOdCA==
  dependencies:
    "@pixi/core" "5.2.4"
    "@pixi/loaders" "5.2.4"
    "@pixi/math" "5.2.4"
    "@pixi/utils" "5.2.4"

"@pixi/text-bitmap@5.2.4":
  version "5.2.4"
  resolved "https://registry.yarnpkg.com/@pixi/text-bitmap/-/text-bitmap-5.2.4.tgz#86c6791fde7b719b28380fea1450959cdce8c047"
  integrity sha512-D6XLAiVwE9NI4DWfmX4IEcfpt12ljUgRxXjXl1LM9mAVjWO2llbAvlT06w9QqJIOhncCs0QHM/ICxl22xE04hQ==
  dependencies:
    "@pixi/core" "5.2.4"
    "@pixi/display" "5.2.4"
    "@pixi/loaders" "5.2.4"
    "@pixi/math" "5.2.4"
    "@pixi/settings" "5.2.4"
    "@pixi/sprite" "5.2.4"
    "@pixi/utils" "5.2.4"

"@pixi/text@5.2.4":
  version "5.2.4"
  resolved "https://registry.yarnpkg.com/@pixi/text/-/text-5.2.4.tgz#c88a1b41f293706caafd5330f41b2c3af06dff25"
  integrity sha512-fxuqMuKZeiZYwCM8oJDN+wXCMt5kRWVOFDInXvUEdeR6rg369YAk3qJeSDIoPTxASJJLPJ5a7b87JsVibxxErg==
  dependencies:
    "@pixi/core" "5.2.4"
    "@pixi/math" "5.2.4"
    "@pixi/settings" "5.2.4"
    "@pixi/sprite" "5.2.4"
    "@pixi/utils" "5.2.4"

"@pixi/ticker@5.2.4":
  version "5.2.4"
  resolved "https://registry.yarnpkg.com/@pixi/ticker/-/ticker-5.2.4.tgz#e5905bb8372ac3128ed4abfd39d5b41d48baddb9"
  integrity sha512-xM7kN+zhnv/q8WNrQ/EJKzmJBrhLcE7HtKFP2v0R3x7N76fqZu6a87C5ioNqJ8rKTThZ8wDOQ2sCN0tlapRFyg==
  dependencies:
    "@pixi/settings" "5.2.4"

"@pixi/utils@5.2.4", "@pixi/utils@^5.0.0":
  version "5.2.4"
  resolved "https://registry.yarnpkg.com/@pixi/utils/-/utils-5.2.4.tgz#0e9d05c8b39a1d3c6e54ad0cbbb242c244094046"
  integrity sha512-n/HFBp5MJaF8vrGUbDcf6TuaUmEW07nv96Y0c6teHhnl942pg1XITogOugnU31sW81Z9ra1BG8D39zU4JU0oSA==
  dependencies:
    "@pixi/constants" "5.2.4"
    "@pixi/settings" "5.2.4"
    earcut "^2.1.5"
    eventemitter3 "^3.1.0"
    url "^0.11.0"

earcut@^2.1.5:
  version "2.2.2"
  resolved "https://registry.yarnpkg.com/earcut/-/earcut-2.2.2.tgz#41b0bc35f63e0fe80da7cddff28511e7e2e80d11"
  integrity sha512-eZoZPPJcUHnfRZ0PjLvx2qBordSiO8ofC3vt+qACLM95u+4DovnbYNpQtJh0DNsWj8RnxrQytD4WA8gj5cRIaQ==

es6-promise-polyfill@^1.2.0:
  version "1.2.0"
  resolved "https://registry.yarnpkg.com/es6-promise-polyfill/-/es6-promise-polyfill-1.2.0.tgz#f38925f23cb3e3e8ce6cda8ff774fcebbb090cde"
  integrity sha1-84kl8jyz4+jObNqP93T867sJDN4=

eventemitter3@^3.1.0:
  version "3.1.2"
  resolved "https://registry.yarnpkg.com/eventemitter3/-/eventemitter3-3.1.2.tgz#2d3d48f9c346698fce83a85d7d664e98535df6e7"
  integrity sha512-tvtQIeLVHjDkJYnzf2dgVMxfuSGJeM/7UCG17TT4EumTfNtF+0nebF/4zWOIkCreAbtNqhGEboB6BWrwqNaw4Q==

hammerjs@^2.0.8:
  version "2.0.8"
  resolved "https://registry.yarnpkg.com/hammerjs/-/hammerjs-2.0.8.tgz#04ef77862cff2bb79d30f7692095930222bf60f1"
  integrity sha1-BO93hiz/K7edMPdpIJWTAiK/YPE=

ismobilejs@^1.1.0:
  version "1.1.1"
  resolved "https://registry.yarnpkg.com/ismobilejs/-/ismobilejs-1.1.1.tgz#c56ca0ae8e52b24ca0f22ba5ef3215a2ddbbaa0e"
  integrity sha512-VaFW53yt8QO61k2WJui0dHf4SlL8lxBofUuUmwBo0ljPk0Drz2TiuDW4jo3wDcv41qy/SxrJ+VAzJ/qYqsmzRw==

mini-signals@^1.2.0:
  version "1.2.0"
  resolved "https://registry.yarnpkg.com/mini-signals/-/mini-signals-1.2.0.tgz#45b08013c5fae51a24aa1a935cd317c9ed721d74"
  integrity sha1-RbCAE8X65RokqhqTXNMXye1yHXQ=

object-assign@^4.1.1:
  version "4.1.1"
  resolved "https://registry.yarnpkg.com/object-assign/-/object-assign-4.1.1.tgz#2109adc7965887cfc05cbbd442cac8bfbb360863"
  integrity sha1-IQmtx5ZYh8/AXLvUQsrIv7s2CGM=

parse-uri@^1.0.0:
  version "1.0.0"
  resolved "https://registry.yarnpkg.com/parse-uri/-/parse-uri-1.0.0.tgz#2872dcc22f1a797acde1583d8a0ac29552ddac20"
  integrity sha1-KHLcwi8aeXrN4Vg9igrClVLdrCA=

pixi-filters@^3.1.1:
  version "3.1.1"
  resolved "https://registry.yarnpkg.com/pixi-filters/-/pixi-filters-3.1.1.tgz#9af5c37028f37be3182e7c9feb959960bc01be3f"
  integrity sha512-28Is0vKvslbPm1X63hwqCc1+jrOqICdjoq8u+/nhCd96vev9fuTDWYo8FvyMK63wD2Rhwn8PLHjxjRO/WgglVg==
  dependencies:
    "@pixi/filter-adjustment" "3.1.1"
    "@pixi/filter-advanced-bloom" "3.1.1"
    "@pixi/filter-ascii" "3.1.1"
    "@pixi/filter-bevel" "3.1.1"
    "@pixi/filter-bloom" "3.1.1"
    "@pixi/filter-bulge-pinch" "3.1.1"
    "@pixi/filter-color-map" "3.1.1"
    "@pixi/filter-color-overlay" "3.1.1"
    "@pixi/filter-color-replace" "3.1.1"
    "@pixi/filter-convolution" "3.1.1"
    "@pixi/filter-cross-hatch" "3.1.1"
    "@pixi/filter-crt" "3.1.1"
    "@pixi/filter-dot" "3.1.1"
    "@pixi/filter-drop-shadow" "3.1.1"
    "@pixi/filter-emboss" "3.1.1"
    "@pixi/filter-glitch" "3.1.1"
    "@pixi/filter-glow" "3.1.1"
    "@pixi/filter-godray" "3.1.1"
    "@pixi/filter-kawase-blur" "3.1.1"
    "@pixi/filter-motion-blur" "3.1.1"
    "@pixi/filter-multi-color-replace" "3.1.1"
    "@pixi/filter-old-film" "3.1.1"
    "@pixi/filter-outline" "3.1.1"
    "@pixi/filter-pixelate" "3.1.1"
    "@pixi/filter-radial-blur" "3.1.1"
    "@pixi/filter-reflection" "3.1.1"
    "@pixi/filter-rgb-split" "3.1.1"
    "@pixi/filter-shockwave" "3.1.1"
    "@pixi/filter-simple-lightmap" "3.1.1"
    "@pixi/filter-tilt-shift" "3.1.1"
    "@pixi/filter-twist" "3.1.1"
    "@pixi/filter-zoom-blur" "3.1.1"

pixi.js@^5.2.4:
  version "5.2.4"
  resolved "https://registry.yarnpkg.com/pixi.js/-/pixi.js-5.2.4.tgz#272b172c44e3cb77f7a7851d252576e75b0a4c87"
  integrity sha512-QNmWPI1VscGleR2jUDiBlH9Lq8wh5mqi6K8RRUpW3O1xOXAKDTpD/TPA9EHzkYI9axag/AcChS7aiJVnwV2ytw==
  dependencies:
    "@pixi/accessibility" "5.2.4"
    "@pixi/app" "5.2.4"
    "@pixi/constants" "5.2.4"
    "@pixi/core" "5.2.4"
    "@pixi/display" "5.2.4"
    "@pixi/extract" "5.2.4"
    "@pixi/filter-alpha" "5.2.4"
    "@pixi/filter-blur" "5.2.4"
    "@pixi/filter-color-matrix" "5.2.4"
    "@pixi/filter-displacement" "5.2.4"
    "@pixi/filter-fxaa" "5.2.4"
    "@pixi/filter-noise" "5.2.4"
    "@pixi/graphics" "5.2.4"
    "@pixi/interaction" "5.2.4"
    "@pixi/loaders" "5.2.4"
    "@pixi/math" "5.2.4"
    "@pixi/mesh" "5.2.4"
    "@pixi/mesh-extras" "5.2.4"
    "@pixi/mixin-cache-as-bitmap" "5.2.4"
    "@pixi/mixin-get-child-by-name" "5.2.4"
    "@pixi/mixin-get-global-position" "5.2.4"
    "@pixi/particles" "5.2.4"
    "@pixi/polyfill" "5.2.4"
    "@pixi/prepare" "5.2.4"
    "@pixi/runner" "5.2.4"
    "@pixi/settings" "5.2.4"
    "@pixi/sprite" "5.2.4"
    "@pixi/sprite-animated" "5.2.4"
    "@pixi/sprite-tiling" "5.2.4"
    "@pixi/spritesheet" "5.2.4"
    "@pixi/text" "5.2.4"
    "@pixi/text-bitmap" "5.2.4"
    "@pixi/ticker" "5.2.4"
    "@pixi/utils" "5.2.4"

punycode@1.3.2:
  version "1.3.2"
  resolved "https://registry.yarnpkg.com/punycode/-/punycode-1.3.2.tgz#9653a036fb7c1ee42342f2325cceefea3926c48d"
  integrity sha1-llOgNvt8HuQjQvIyXM7v6jkmxI0=

querystring@0.2.0:
  version "0.2.0"
  resolved "https://registry.yarnpkg.com/querystring/-/querystring-0.2.0.tgz#b209849203bb25df820da756e747005878521620"
  integrity sha1-sgmEkgO7Jd+CDadW50cAWHhSFiA=

resource-loader@^3.0.1:
  version "3.0.1"
  resolved "https://registry.yarnpkg.com/resource-loader/-/resource-loader-3.0.1.tgz#33355bb5421e2994f59454bbc7f6dbff8df06d47"
  integrity sha512-fBuCRbEHdLCI1eglzQhUv9Rrdcmqkydr1r6uHE2cYHvRBrcLXeSmbE/qI/urFt8rPr/IGxir3BUwM5kUK8XoyA==
  dependencies:
    mini-signals "^1.2.0"
    parse-uri "^1.0.0"

url@^0.11.0:
  version "0.11.0"
  resolved "https://registry.yarnpkg.com/url/-/url-0.11.0.tgz#3838e97cfc60521eb73c525a8e55bfdd9e2e28f1"
  integrity sha1-ODjpfPxgUh63PFJajlW/3Z4uKPE=
  dependencies:
    punycode "1.3.2"
    querystring "0.2.0"
